
Microsoft Visual Studio Solution File, Format Version 12.00
# Visual Studio 2017
Project("{FAE04EC0-301F-11D3-BF4B-00C04F79EFBC}") = "War2D", "War2D.csproj", "{C3247A62-2470-3770-C924-DBB0EC431447}"
EndProject
Project("{FAE04EC0-301F-11D3-BF4B-00C04F79EFBC}") = "War2D.Editor", "War2D.Editor.csproj", "{8CF06C4B-6D4D-F50A-CF3E-5829B96F5429}"
EndProject
Global
	GlobalSection(SolutionConfigurationPlatforms) = preSolution
		Debug|Any CPU = Debug|Any CPU
		Release|Any CPU = Release|Any CPU
	EndGlobalSection
	GlobalSection(ProjectConfigurationPlatforms) = postSolution
		{C3247A62-2470-3770-C924-DBB0EC431447}.Debug|Any CPU.ActiveCfg = Debug|Any CPU
		{C3247A62-2470-3770-C924-DBB0EC431447}.Debug|Any CPU.Build.0 = Debug|Any CPU
		{C3247A62-2470-3770-C924-DBB0EC431447}.Release|Any CPU.ActiveCfg = Release|Any CPU
		{C3247A62-2470-3770-C924-DBB0EC431447}.Release|Any CPU.Build.0 = Release|Any CPU
		{8CF06C4B-6D4D-F50A-CF3E-5829B96F5429}.Debug|Any CPU.ActiveCfg = Debug|Any CPU
		{8CF06C4B-6D4D-F50A-CF3E-5829B96F5429}.Debug|Any CPU.Build.0 = Debug|Any CPU
		{8CF06C4B-6D4D-F50A-CF3E-5829B96F5429}.Release|Any CPU.ActiveCfg = Release|Any CPU
		{8CF06C4B-6D4D-F50A-CF3E-5829B96F5429}.Release|Any CPU.Build.0 = Release|Any CPU
	EndGlobalSection
	GlobalSection(SolutionProperties) = preSolution
		HideSolutionNode = FALSE
	EndGlobalSection
EndGlobal
